
Microsoft Visual Studio Solution File, Format Version 12.00
# Visual Studio Version 16
VisualStudioVersion = 16.0.31112.23
MinimumVisualStudioVersion = 10.0.40219.1
Project("{888888A0-9F3D-457C-B088-3A5042F75D52}") = "PyTest1", "PyTest1.pyproj", "{95765468-AE8C-483B-BA9C-807BDD1ABCA2}"
EndProject
Global
	GlobalSection(SolutionConfigurationPlatforms) = preSolution
		Debug|Any CPU = Debug|Any CPU
		Release|Any CPU = Release|Any CPU
	EndGlobalSection
	GlobalSection(ProjectConfigurationPlatforms) = postSolution
		{95765468-AE8C-483B-BA9C-807BDD1ABCA2}.Debug|Any CPU.ActiveCfg = Debug|Any CPU
		{95765468-AE8C-483B-BA9C-807BDD1ABCA2}.Release|Any CPU.ActiveCfg = Release|Any CPU
	EndGlobalSection
	GlobalSection(SolutionProperties) = preSolution
		HideSolutionNode = FALSE
	EndGlobalSection
	GlobalSection(ExtensibilityGlobals) = postSolution
		SolutionGuid = {2FCB48E3-D879-45B2-AAAD-3CB2AF1E28E7}
	EndGlobalSection
EndGlobal
